
Microsoft Visual Studio Solution File, Format Version 12.00
# Visual Studio Version 17
VisualStudioVersion = 17.4.33110.190
MinimumVisualStudioVersion = 10.0.40219.1
Project("{FAE04EC0-301F-11D3-BF4B-00C04F79EFBC}") = "CreatingFormwithTaghelper", "CreatingFormwithTaghelper\CreatingFormwithTaghelper.csproj", "{18351107-3032-4FA7-B732-E752FBF048A6}"
EndProject
Global
	GlobalSection(SolutionConfigurationPlatforms) = preSolution
		Debug|Any CPU = Debug|Any CPU
		Release|Any CPU = Release|Any CPU
	EndGlobalSection
	GlobalSection(ProjectConfigurationPlatforms) = postSolution
		{18351107-3032-4FA7-B732-E752FBF048A6}.Debug|Any CPU.ActiveCfg = Debug|Any CPU
		{18351107-3032-4FA7-B732-E752FBF048A6}.Debug|Any CPU.Build.0 = Debug|Any CPU
		{18351107-3032-4FA7-B732-E752FBF048A6}.Release|Any CPU.ActiveCfg = Release|Any CPU
		{18351107-3032-4FA7-B732-E752FBF048A6}.Release|Any CPU.Build.0 = Release|Any CPU
	EndGlobalSection
	GlobalSection(SolutionProperties) = preSolution
		HideSolutionNode = FALSE
	EndGlobalSection
	GlobalSection(ExtensibilityGlobals) = postSolution
		SolutionGuid = {4CEA27E6-DFB9-4711-95CF-0D48EE82FC50}
	EndGlobalSection
EndGlobal
